
Microsoft Visual Studio Solution File, Format Version 12.00
# Visual Studio Version 17
VisualStudioVersion = 17.3.32922.545
MinimumVisualStudioVersion = 10.0.40219.1
Project("{FAE04EC0-301F-11D3-BF4B-00C04F79EFBC}") = "Timeinword", "Timeinword\Timeinword.csproj", "{F74761AD-CE66-48D6-815A-BF2EA7C62813}"
EndProject
Global
	GlobalSection(SolutionConfigurationPlatforms) = preSolution
		Debug|Any CPU = Debug|Any CPU
		Release|Any CPU = Release|Any CPU
	EndGlobalSection
	GlobalSection(ProjectConfigurationPlatforms) = postSolution
		{F74761AD-CE66-48D6-815A-BF2EA7C62813}.Debug|Any CPU.ActiveCfg = Debug|Any CPU
		{F74761AD-CE66-48D6-815A-BF2EA7C62813}.Debug|Any CPU.Build.0 = Debug|Any CPU
		{F74761AD-CE66-48D6-815A-BF2EA7C62813}.Release|Any CPU.ActiveCfg = Release|Any CPU
		{F74761AD-CE66-48D6-815A-BF2EA7C62813}.Release|Any CPU.Build.0 = Release|Any CPU
	EndGlobalSection
	GlobalSection(SolutionProperties) = preSolution
		HideSolutionNode = FALSE
	EndGlobalSection
	GlobalSection(ExtensibilityGlobals) = postSolution
		SolutionGuid = {F0F7B749-5A56-4BFD-83B1-093DBC9B009D}
	EndGlobalSection
EndGlobal
